dependencies:
- name: nightowl
  repository: oci://ghcr.io/wisbric/charts
  version: 0.1.9
- name: bookowl
  repository: oci://ghcr.io/wisbric/charts
  version: 0.1.11
- name: ticketowl
  repository: oci://ghcr.io/wisbric/charts
  version: 0.1.17
- name: postgresql
  repository: oci://registry-1.docker.io/bitnamicharts
  version: 16.4.1
- name: redis
  repository: oci://registry-1.docker.io/bitnamicharts
  version: 20.6.2
- name: keycloak
  repository: oci://registry-1.docker.io/bitnamicharts
  version: 25.2.0
- name: zammad
  repository: https://zammad.github.io/zammad-helm
  version: 10.3.0
- name: minio
  repository: oci://registry-1.docker.io/bitnamicharts
  version: 14.8.5
digest: sha256:bd3defec4dd68cbc3e4f90c7a96b891b012ac2c2db8fa1f0eb1c95b2dd7ef11f
generated: "2026-03-02T23:47:54.011166132+13:00"
