dependencies:
- name: owlstack
  repository: file://../owlstack/deploy/helm/owlstack
  version: 0.3.0
- name: postgresql
  repository: oci://registry-1.docker.io/bitnamicharts
  version: 16.4.1
- name: redis
  repository: oci://registry-1.docker.io/bitnamicharts
  version: 20.6.2
- name: keycloak
  repository: oci://registry-1.docker.io/bitnamicharts
  version: 25.2.0
- name: zammad
  repository: https://zammad.github.io/zammad-helm
  version: 10.3.0
- name: keep
  repository: https://keephq.github.io/helm-charts
  version: 0.1.94
- name: outline
  repository: https://helm.liam.sh
  version: 2.2.2
- name: garage
  repository: https://charts.derwitt.dev
  version: 2.1.0
- name: vector
  repository: https://helm.vector.dev
  version: 0.50.0
digest: sha256:2de6befea21ff52e9e378a5fd6afd3ae963e5dcd1ddb0c3ba4de3d6202e41e1e
generated: "2026-03-05T08:17:45.16491519+13:00"
