dependencies:
- name: owlstack
  repository: file://../owlstack/deploy/helm/owlstack
  version: 0.4.2
- name: postgresql
  repository: oci://registry-1.docker.io/bitnamicharts
  version: 16.4.1
- name: redis
  repository: oci://registry-1.docker.io/bitnamicharts
  version: 20.6.2
- name: zammad
  repository: https://zammad.github.io/zammad-helm
  version: 10.3.0
- name: keep
  repository: https://keephq.github.io/helm-charts
  version: 0.1.94
- name: outline
  repository: https://helm.liam.sh
  version: 2.2.2
- name: garage
  repository: https://charts.derwitt.dev
  version: 2.1.0
- name: vector
  repository: https://helm.vector.dev
  version: 0.50.0
digest: sha256:1970295178afd92b223f5be691d320a424d22e4b3d2762cda1ffc583395361ff
generated: "2026-03-23T17:59:06.793337308+13:00"
